// !$*UTF8*$!
{
	archiveVersion = 1;
	classes = {
	};
	objectVersion = 51;
	objects = {

/* Begin PBXBuildFile section */
		A0B484992480FD99003960A3 /* AppDelegate.swift in Sources */ = {isa = PBXBuildFile; fileRef = A0B484982480FD99003960A3 /* AppDelegate.swift */; };
		A0B4849B2480FD99003960A3 /* SceneDelegate.swift in Sources */ = {isa = PBXBuildFile; fileRef = A0B4849A2480FD99003960A3 /* SceneDelegate.swift */; };
		A0B4849D2480FD99003960A3 /* ViewController.swift in Sources */ = {isa = PBXBuildFile; fileRef = A0B4849C2480FD99003960A3 /* ViewController.swift */; };
		A0B484A02480FD99003960A3 /* Main.storyboard in Resources */ = {isa = PBXBuildFile; fileRef = A0B4849E2480FD99003960A3 /* Main.storyboard */; };
		A0B484A22480FD9A003960A3 /* Assets.xcassets in Resources */ = {isa = PBXBuildFile; fileRef = A0B484A12480FD9A003960A3 /* Assets.xcassets */; };
		A0B484A52480FD9A003960A3 /* LaunchScreen.storyboard in Resources */ = {isa = PBXBuildFile; fileRef = A0B484A32480FD9A003960A3 /* LaunchScreen.storyboard */; };
		A0B484AE24810962003960A3 /* WQAPI.swift in Sources */ = {isa = PBXBuildFile; fileRef = A0B484AD24810962003960A3 /* WQAPI.swift */; };
		A0B484B024811E9B003960A3 /* WQNetworkService.swift in Sources */ = {isa = PBXBuildFile; fileRef = A0B484AF24811E9B003960A3 /* WQNetworkService.swift */; };
		A0B484B324812093003960A3 /* CustomModel.swift in Sources */ = {isa = PBXBuildFile; fileRef = A0B484B224812093003960A3 /* CustomModel.swift */; };
		D6F6511F5912499D3EF0B730 /* Pods_WQNetWorkTool.framework in Frameworks */ = {isa = PBXBuildFile; fileRef = 6C2A0DC0AAD9BDEEDB6C958A /* Pods_WQNetWorkTool.framework */; };
/* End PBXBuildFile section */

/* Begin PBXFileReference section */
		29FACBC4C7814D7085E233AD /* Pods-WQNetWorkTool.release.xcconfig */ = {isa = PBXFileReference; includeInIndex = 1; lastKnownFileType = text.xcconfig; name = "Pods-WQNetWorkTool.release.xcconfig"; path = "Target Support Files/Pods-WQNetWorkTool/Pods-WQNetWorkTool.release.xcconfig"; sourceTree = "<group>"; };
		5E9FA9CBCD3CF2BF39103093 /* Pods-WQNetWorkTool.debug.xcconfig */ = {isa = PBXFileReference; includeInIndex = 1; lastKnownFileType = text.xcconfig; name = "Pods-WQNetWorkTool.debug.xcconfig"; path = "Target Support Files/Pods-WQNetWorkTool/Pods-WQNetWorkTool.debug.xcconfig"; sourceTree = "<group>"; };
		6C2A0DC0AAD9BDEEDB6C958A /* Pods_WQNetWorkTool.framework */ = {isa = PBXFileReference; explicitFileType = wrapper.framework; includeInIndex = 0; path = Pods_WQNetWorkTool.framework; sourceTree = BUILT_PRODUCTS_DIR; };
		A0B484952480FD99003960A3 /* WQNetWorkTool.app */ = {isa = PBXFileReference; explicitFileType = wrapper.application; includeInIndex = 0; path = WQNetWorkTool.app; sourceTree = BUILT_PRODUCTS_DIR; };
		A0B484982480FD99003960A3 /* AppDelegate.swift */ = {isa = PBXFileReference; lastKnownFileType = sourcecode.swift; path = AppDelegate.swift; sourceTree = "<group>"; };
		A0B4849A2480FD99003960A3 /* SceneDelegate.swift */ = {isa = PBXFileReference; lastKnownFileType = sourcecode.swift; path = SceneDelegate.swift; sourceTree = "<group>"; };
		A0B4849C2480FD99003960A3 /* ViewController.swift */ = {isa = PBXFileReference; lastKnownFileType = sourcecode.swift; path = ViewController.swift; sourceTree = "<group>"; };
		A0B4849F2480FD99003960A3 /* Base */ = {isa = PBXFileReference; lastKnownFileType = file.storyboard; name = Base; path = Base.lproj/Main.storyboard; sourceTree = "<group>"; };
		A0B484A12480FD9A003960A3 /* Assets.xcassets */ = {isa = PBXFileReference; lastKnownFileType = folder.assetcatalog; path = Assets.xcassets; sourceTree = "<group>"; };
		A0B484A42480FD9A003960A3 /* Base */ = {isa = PBXFileReference; lastKnownFileType = file.storyboard; name = Base; path = Base.lproj/LaunchScreen.storyboard; sourceTree = "<group>"; };
		A0B484A62480FD9A003960A3 /* Info.plist */ = {isa = PBXFileReference; lastKnownFileType = text.plist.xml; path = Info.plist; sourceTree = "<group>"; };
		A0B484AD24810962003960A3 /* WQAPI.swift */ = {isa = PBXFileReference; lastKnownFileType = sourcecode.swift; path = WQAPI.swift; sourceTree = "<group>"; };
		A0B484AF24811E9B003960A3 /* WQNetworkService.swift */ = {isa = PBXFileReference; lastKnownFileType = sourcecode.swift; path = WQNetworkService.swift; sourceTree = "<group>"; };
		A0B484B224812093003960A3 /* CustomModel.swift */ = {isa = PBXFileReference; lastKnownFileType = sourcecode.swift; path = CustomModel.swift; sourceTree = "<group>"; };
/* End PBXFileReference section */

/* Begin PBXFrameworksBuildPhase section */
		A0B484922480FD99003960A3 /* Frameworks */ = {
			isa = PBXFrameworksBuildPhase;
			buildActionMask = 2147483647;
			files = (
				D6F6511F5912499D3EF0B730 /* Pods_WQNetWorkTool.framework in Frameworks */,
			);
			runOnlyForDeploymentPostprocessing = 0;
		};
/* End PBXFrameworksBuildPhase section */

/* Begin PBXGroup section */
		7A813EE293007800BC1856B1 /* Frameworks */ = {
			isa = PBXGroup;
			children = (
				6C2A0DC0AAD9BDEEDB6C958A /* Pods_WQNetWorkTool.framework */,
			);
			name = Frameworks;
			sourceTree = "<group>";
		};
		A0B4848C2480FD99003960A3 = {
			isa = PBXGroup;
			children = (
				A0B484972480FD99003960A3 /* WQNetWorkTool */,
				A0B484962480FD99003960A3 /* Products */,
				A3653C3F7861A86EFDFFD126 /* Pods */,
				7A813EE293007800BC1856B1 /* Frameworks */,
			);
			sourceTree = "<group>";
		};
		A0B484962480FD99003960A3 /* Products */ = {
			isa = PBXGroup;
			children = (
				A0B484952480FD99003960A3 /* WQNetWorkTool.app */,
			);
			name = Products;
			sourceTree = "<group>";
		};
		A0B484972480FD99003960A3 /* WQNetWorkTool */ = {
			isa = PBXGroup;
			children = (
				A0B484B124812084003960A3 /* Model */,
				A0B484AC2480FE2E003960A3 /* NetWorking */,
				A0B484982480FD99003960A3 /* AppDelegate.swift */,
				A0B4849A2480FD99003960A3 /* SceneDelegate.swift */,
				A0B4849C2480FD99003960A3 /* ViewController.swift */,
				A0B4849E2480FD99003960A3 /* Main.storyboard */,
				A0B484A12480FD9A003960A3 /* Assets.xcassets */,
				A0B484A32480FD9A003960A3 /* LaunchScreen.storyboard */,
				A0B484A62480FD9A003960A3 /* Info.plist */,
			);
			path = WQNetWorkTool;
			sourceTree = "<group>";
		};
		A0B484AC2480FE2E003960A3 /* NetWorking */ = {
			isa = PBXGroup;
			children = (
				A0B484AD24810962003960A3 /* WQAPI.swift */,
				A0B484AF24811E9B003960A3 /* WQNetworkService.swift */,
			);
			path = NetWorking;
			sourceTree = "<group>";
		};
		A0B484B124812084003960A3 /* Model */ = {
			isa = PBXGroup;
			children = (
				A0B484B224812093003960A3 /* CustomModel.swift */,
			);
			path = Model;
			sourceTree = "<group>";
		};
		A3653C3F7861A86EFDFFD126 /* Pods */ = {
			isa = PBXGroup;
			children = (
				5E9FA9CBCD3CF2BF39103093 /* Pods-WQNetWorkTool.debug.xcconfig */,
				29FACBC4C7814D7085E233AD /* Pods-WQNetWorkTool.release.xcconfig */,
			);
			path = Pods;
			sourceTree = "<group>";
		};
/* End PBXGroup section */

/* Begin PBXNativeTarget section */
		A0B484942480FD99003960A3 /* WQNetWorkTool */ = {
			isa = PBXNativeTarget;
			buildConfigurationList = A0B484A92480FD9A003960A3 /* Build configuration list for PBXNativeTarget "WQNetWorkTool" */;
			buildPhases = (
				732C7A41A2FFB5101CF5B3A1 /* [CP] Check Pods Manifest.lock */,
				A0B484912480FD99003960A3 /* Sources */,
				A0B484922480FD99003960A3 /* Frameworks */,
				A0B484932480FD99003960A3 /* Resources */,
				4142AF6233B007783D08CE9A /* [CP] Embed Pods Frameworks */,
			);
			buildRules = (
			);
			dependencies = (
			);
			name = WQNetWorkTool;
			productName = WQNetWorkTool;
			productReference = A0B484952480FD99003960A3 /* WQNetWorkTool.app */;
			productType = "com.apple.product-type.application";
		};
/* End PBXNativeTarget section */

/* Begin PBXProject section */
		A0B4848D2480FD99003960A3 /* Project object */ = {
			isa = PBXProject;
			attributes = {
				LastSwiftUpdateCheck = 1140;
				LastUpgradeCheck = 1140;
				ORGANIZATIONNAME = chenweiqiang;
				TargetAttributes = {
					A0B484942480FD99003960A3 = {
						CreatedOnToolsVersion = 11.4.1;
					};
				};
			};
			buildConfigurationList = A0B484902480FD99003960A3 /* Build configuration list for PBXProject "WQNetWorkTool" */;
			compatibilityVersion = "Xcode 9.3";
			developmentRegion = en;
			hasScannedForEncodings = 0;
			knownRegions = (
				en,
				Base,
			);
			mainGroup = A0B4848C2480FD99003960A3;
			productRefGroup = A0B484962480FD99003960A3 /* Products */;
			projectDirPath = "";
			projectRoot = "";
			targets = (
				A0B484942480FD99003960A3 /* WQNetWorkTool */,
			);
		};
/* End PBXProject section */

/* Begin PBXResourcesBuildPhase section */
		A0B484932480FD99003960A3 /* Resources */ = {
			isa = PBXResourcesBuildPhase;
			buildActionMask = 2147483647;
			files = (
				A0B484A52480FD9A003960A3 /* LaunchScreen.storyboard in Resources */,
				A0B484A22480FD9A003960A3 /* Assets.xcassets in Resources */,
				A0B484A02480FD99003960A3 /* Main.storyboard in Resources */,
			);
			runOnlyForDeploymentPostprocessing = 0;
		};
/* End PBXResourcesBuildPhase section */

/* Begin PBXShellScriptBuildPhase section */
		4142AF6233B007783D08CE9A /* [CP] Embed Pods Frameworks */ = {
			isa = PBXShellScriptBuildPhase;
			buildActionMask = 2147483647;
			files = (
			);
			inputFileListPaths = (
				"${PODS_ROOT}/Target Support Files/Pods-WQNetWorkTool/Pods-WQNetWorkTool-frameworks-${CONFIGURATION}-input-files.xcfilelist",
			);
			name = "[CP] Embed Pods Frameworks";
			outputFileListPaths = (
				"${PODS_ROOT}/Target Support Files/Pods-WQNetWorkTool/Pods-WQNetWorkTool-frameworks-${CONFIGURATION}-output-files.xcfilelist",
			);
			runOnlyForDeploymentPostprocessing = 0;
			shellPath = /bin/sh;
			shellScript = "\"${PODS_ROOT}/Target Support Files/Pods-WQNetWorkTool/Pods-WQNetWorkTool-frameworks.sh\"\n";
			showEnvVarsInLog = 0;
		};
		732C7A41A2FFB5101CF5B3A1 /* [CP] Check Pods Manifest.lock */ = {
			isa = PBXShellScriptBuildPhase;
			buildActionMask = 2147483647;
			files = (
			);
			inputFileListPaths = (
			);
			inputPaths = (
				"${PODS_PODFILE_DIR_PATH}/Podfile.lock",
				"${PODS_ROOT}/Manifest.lock",
			);
			name = "[CP] Check Pods Manifest.lock";
			outputFileListPaths = (
			);
			outputPaths = (
				"$(DERIVED_FILE_DIR)/Pods-WQNetWorkTool-checkManifestLockResult.txt",
			);
			runOnlyForDeploymentPostprocessing = 0;
			shellPath = /bin/sh;
			shellScript = "diff \"${PODS_PODFILE_DIR_PATH}/Podfile.lock\" \"${PODS_ROOT}/Manifest.lock\" > /dev/null\nif [ $? != 0 ] ; then\n    # print error to STDERR\n    echo \"error: The sandbox is not in sync with the Podfile.lock. Run 'pod install' or update your CocoaPods installation.\" >&2\n    exit 1\nfi\n# This output is used by Xcode 'outputs' to avoid re-running this script phase.\necho \"SUCCESS\" > \"${SCRIPT_OUTPUT_FILE_0}\"\n";
			showEnvVarsInLog = 0;
		};
/* End PBXShellScriptBuildPhase section */

/* Begin PBXSourcesBuildPhase section */
		A0B484912480FD99003960A3 /* Sources */ = {
			isa = PBXSourcesBuildPhase;
			buildActionMask = 2147483647;
			files = (
				A0B484B324812093003960A3 /* CustomModel.swift in Sources */,
				A0B484AE24810962003960A3 /* WQAPI.swift in Sources */,
				A0B4849D2480FD99003960A3 /* ViewController.swift in Sources */,
				A0B484B024811E9B003960A3 /* WQNetworkService.swift in Sources */,
				A0B484992480FD99003960A3 /* AppDelegate.swift in Sources */,
				A0B4849B2480FD99003960A3 /* SceneDelegate.swift in Sources */,
			);
			runOnlyForDeploymentPostprocessing = 0;
		};
/* End PBXSourcesBuildPhase section */

/* Begin PBXVariantGroup section */
		A0B4849E2480FD99003960A3 /* Main.storyboard */ = {
			isa = PBXVariantGroup;
			children = (
				A0B4849F2480FD99003960A3 /* Base */,
			);
			name = Main.storyboard;
			sourceTree = "<group>";
		};
		A0B484A32480FD9A003960A3 /* LaunchScreen.storyboard */ = {
			isa = PBXVariantGroup;
			children = (
				A0B484A42480FD9A003960A3 /* Base */,
			);
			name = LaunchScreen.storyboard;
			sourceTree = "<group>";
		};
/* End PBXVariantGroup section */

/* Begin XCBuildConfiguration section */
		A0B484A72480FD9A003960A3 /* Debug */ = {
			isa = XCBuildConfiguration;
			buildSettings = {
				ALWAYS_SEARCH_USER_PATHS = NO;
				CLANG_ANALYZER_NONNULL = YES;
				CLANG_ANALYZER_NUMBER_OBJECT_CONVERSION = YES_AGGRESSIVE;
				CLANG_CXX_LANGUAGE_STANDARD = "gnu++14";
				CLANG_CXX_LIBRARY = "libc++";
				CLANG_ENABLE_MODULES = YES;
				CLANG_ENABLE_OBJC_ARC = YES;
				CLANG_ENABLE_OBJC_WEAK = YES;
				CLANG_WARN_BLOCK_CAPTURE_AUTORELEASING = YES;
				CLANG_WARN_BOOL_CONVERSION = YES;
				CLANG_WARN_COMMA = YES;
				CLANG_WARN_CONSTANT_CONVERSION = YES;
				CLANG_WARN_DEPRECATED_OBJC_IMPLEMENTATIONS = YES;
				CLANG_WARN_DIRECT_OBJC_ISA_USAGE = YES_ERROR;
				CLANG_WARN_DOCUMENTATION_COMMENTS = YES;
				CLANG_WARN_EMPTY_BODY = YES;
				CLANG_WARN_ENUM_CONVERSION = YES;
				CLANG_WARN_INFINITE_RECURSION = YES;
				CLANG_WARN_INT_CONVERSION = YES;
				CLANG_WARN_NON_LITERAL_NULL_CONVERSION = YES;
				CLANG_WARN_OBJC_IMPLICIT_RETAIN_SELF = YES;
				CLANG_WARN_OBJC_LITERAL_CONVERSION = YES;
				CLANG_WARN_OBJC_ROOT_CLASS = YES_ERROR;
				CLANG_WARN_RANGE_LOOP_ANALYSIS = YES;
				CLANG_WARN_STRICT_PROTOTYPES = YES;
				CLANG_WARN_SUSPICIOUS_MOVE = YES;
				CLANG_WARN_UNGUARDED_AVAILABILITY = YES_AGGRESSIVE;
				CLANG_WARN_UNREACHABLE_CODE = YES;
				CLANG_WARN__DUPLICATE_METHOD_MATCH = YES;
				COPY_PHASE_STRIP = NO;
				DEBUG_INFORMATION_FORMAT = dwarf;
				ENABLE_STRICT_OBJC_MSGSEND = YES;
				ENABLE_TESTABILITY = YES;
				GCC_C_LANGUAGE_STANDARD = gnu11;
				GCC_DYNAMIC_NO_PIC = NO;
				GCC_NO_COMMON_BLOCKS = YES;
				GCC_OPTIMIZATION_LEVEL = 0;
				GCC_PREPROCESSOR_DEFINITIONS = (
					"DEBUG=1",
					"$(inherited)",
				);
				GCC_WARN_64_TO_32_BIT_CONVERSION = YES;
				GCC_WARN_ABOUT_RETURN_TYPE = YES_ERROR;
				GCC_WARN_UNDECLARED_SELECTOR = YES;
				GCC_WARN_UNINITIALIZED_AUTOS = YES_AGGRESSIVE;
				GCC_WARN_UNUSED_FUNCTION = YES;
				GCC_WARN_UNUSED_VARIABLE = YES;
				IPHONEOS_DEPLOYMENT_TARGET = 13.4;
				MTL_ENABLE_DEBUG_INFO = INCLUDE_SOURCE;
				MTL_FAST_MATH = YES;
				ONLY_ACTIVE_ARCH = YES;
				SDKROOT = iphoneos;
				SWIFT_ACTIVE_COMPILATION_CONDITIONS = DEBUG;
				SWIFT_OPTIMIZATION_LEVEL = "-Onone";
			};
			name = Debug;
		};
		A0B484A82480FD9A003960A3 /* Release */ = {
			isa = XCBuildConfiguration;
			buildSettings = {
				ALWAYS_SEARCH_USER_PATHS = NO;
				CLANG_ANALYZER_NONNULL = YES;
				CLANG_ANALYZER_NUMBER_OBJECT_CONVERSION = YES_AGGRESSIVE;
				CLANG_CXX_LANGUAGE_STANDARD = "gnu++14";
				CLANG_CXX_LIBRARY = "libc++";
				CLANG_ENABLE_MODULES = YES;
				CLANG_ENABLE_OBJC_ARC = YES;
				CLANG_ENABLE_OBJC_WEAK = YES;
				CLANG_WARN_BLOCK_CAPTURE_AUTORELEASING = YES;
				CLANG_WARN_BOOL_CONVERSION = YES;
				CLANG_WARN_COMMA = YES;
				CLANG_WARN_CONSTANT_CONVERSION = YES;
				CLANG_WARN_DEPRECATED_OBJC_IMPLEMENTATIONS = YES;
				CLANG_WARN_DIRECT_OBJC_ISA_USAGE = YES_ERROR;
				CLANG_WARN_DOCUMENTATION_COMMENTS = YES;
				CLANG_WARN_EMPTY_BODY = YES;
				CLANG_WARN_ENUM_CONVERSION = YES;
				CLANG_WARN_INFINITE_RECURSION = YES;
				CLANG_WARN_INT_CONVERSION = YES;
				CLANG_WARN_NON_LITERAL_NULL_CONVERSION = YES;
				CLANG_WARN_OBJC_IMPLICIT_RETAIN_SELF = YES;
				CLANG_WARN_OBJC_LITERAL_CONVERSION = YES;
				CLANG_WARN_OBJC_ROOT_CLASS = YES_ERROR;
				CLANG_WARN_RANGE_LOOP_ANALYSIS = YES;
				CLANG_WARN_STRICT_PROTOTYPES = YES;
				CLANG_WARN_SUSPICIOUS_MOVE = YES;
				CLANG_WARN_UNGUARDED_AVAILABILITY = YES_AGGRESSIVE;
				CLANG_WARN_UNREACHABLE_CODE = YES;
				CLANG_WARN__DUPLICATE_METHOD_MATCH = YES;
				COPY_PHASE_STRIP = NO;
				DEBUG_INFORMATION_FORMAT = "dwarf-with-dsym";
				ENABLE_NS_ASSERTIONS = NO;
				ENABLE_STRICT_OBJC_MSGSEND = YES;
				GCC_C_LANGUAGE_STANDARD = gnu11;
				GCC_NO_COMMON_BLOCKS = YES;
				GCC_WARN_64_TO_32_BIT_CONVERSION = YES;
				GCC_WARN_ABOUT_RETURN_TYPE = YES_ERROR;
				GCC_WARN_UNDECLARED_SELECTOR = YES;
				GCC_WARN_UNINITIALIZED_AUTOS = YES_AGGRESSIVE;
				GCC_WARN_UNUSED_FUNCTION = YES;
				GCC_WARN_UNUSED_VARIABLE = YES;
				IPHONEOS_DEPLOYMENT_TARGET = 13.4;
				MTL_ENABLE_DEBUG_INFO = NO;
				MTL_FAST_MATH = YES;
				SDKROOT = iphoneos;
				SWIFT_COMPILATION_MODE = wholemodule;
				SWIFT_OPTIMIZATION_LEVEL = "-O";
				VALIDATE_PRODUCT = YES;
			};
			name = Release;
		};
		A0B484AA2480FD9A003960A3 /* Debug */ = {
			isa = XCBuildConfiguration;
			baseConfigurationReference = 5E9FA9CBCD3CF2BF39103093 /* Pods-WQNetWorkTool.debug.xcconfig */;
			buildSettings = {
				ASSETCATALOG_COMPILER_APPICON_NAME = AppIcon;
				CODE_SIGN_STYLE = Automatic;
				DEVELOPMENT_TEAM = Q74CDF9F84;
				INFOPLIST_FILE = WQNetWorkTool/Info.plist;
				LD_RUNPATH_SEARCH_PATHS = (
					"$(inherited)",
					"@executable_path/Frameworks",
				);
				PRODUCT_BUNDLE_IDENTIFIER = cwq.WQNetWorkTool;
				PRODUCT_NAME = "$(TARGET_NAME)";
				SWIFT_VERSION = 5.0;
				TARGETED_DEVICE_FAMILY = "1,2";
			};
			name = Debug;
		};
		A0B484AB2480FD9A003960A3 /* Release */ = {
			isa = XCBuildConfiguration;
			baseConfigurationReference = 29FACBC4C7814D7085E233AD /* Pods-WQNetWorkTool.release.xcconfig */;
			buildSettings = {
				ASSETCATALOG_COMPILER_APPICON_NAME = AppIcon;
				CODE_SIGN_STYLE = Automatic;
				DEVELOPMENT_TEAM = Q74CDF9F84;
				INFOPLIST_FILE = WQNetWorkTool/Info.plist;
				LD_RUNPATH_SEARCH_PATHS = (
					"$(inherited)",
					"@executable_path/Frameworks",
				);
				PRODUCT_BUNDLE_IDENTIFIER = cwq.WQNetWorkTool;
				PRODUCT_NAME = "$(TARGET_NAME)";
				SWIFT_VERSION = 5.0;
				TARGETED_DEVICE_FAMILY = "1,2";
			};
			name = Release;
		};
/* End XCBuildConfiguration section */

/* Begin XCConfigurationList section */
		A0B484902480FD99003960A3 /* Build configuration list for PBXProject "WQNetWorkTool" */ = {
			isa = XCConfigurationList;
			buildConfigurations = (
				A0B484A72480FD9A003960A3 /* Debug */,
				A0B484A82480FD9A003960A3 /* Release */,
			);
			defaultConfigurationIsVisible = 0;
			defaultConfigurationName = Release;
		};
		A0B484A92480FD9A003960A3 /* Build configuration list for PBXNativeTarget "WQNetWorkTool" */ = {
			isa = XCConfigurationList;
			buildConfigurations = (
				A0B484AA2480FD9A003960A3 /* Debug */,
				A0B484AB2480FD9A003960A3 /* Release */,
			);
			defaultConfigurationIsVisible = 0;
			defaultConfigurationName = Release;
		};
/* End XCConfigurationList section */
	};
	rootObject = A0B4848D2480FD99003960A3 /* Project object */;
}
